dependencies:
  espressif/usb_host_hid:
    component_hash: 74b9c84cd2921a5e987f504c1713ca7819f7e8be80565e5253e9e9c7e07ab881
    dependencies:
    - name: idf
      require: private
      version: '>=5.0'
    - name: espressif/usb
      registry_url: https://components.espressif.com
      require: public
      rules:
      - if: idf_version >=6.0
      - if: target not in ["linux"]
      version: ^1.0.0
    source:
      registry_url: https://components.espressif.com/
      type: service
    targets:
    - esp32s2
    - esp32s3
    - esp32p4
    - esp32h4
    - esp32s31
    - linux
    version: 1.2.1
  idf:
    source:
      type: idf
    version: 5.3.5
direct_dependencies:
- espressif/usb_host_hid
- idf
manifest_hash: 4aed6aaeaccc65070f399353d6ebb8a20cc69124d691084bec17149e08d75cf2
target: esp32s3
version: 2.0.0
